
Microsoft Visual Studio Solution File, Format Version 12.00
# Visual Studio Version 17
VisualStudioVersion = 17.14.36623.8 d17.14
MinimumVisualStudioVersion = 10.0.40219.1
Project("{FAE04EC0-301F-11D3-BF4B-00C04F79EFBC}") = "Lesson 24", "Lesson 24\Lesson 24.csproj", "{EBA90072-7330-4346-B114-1EE3940CD3D0}"
EndProject
Global
	GlobalSection(SolutionConfigurationPlatforms) = preSolution
		Debug|Any CPU = Debug|Any CPU
		Release|Any CPU = Release|Any CPU
	EndGlobalSection
	GlobalSection(ProjectConfigurationPlatforms) = postSolution
		{EBA90072-7330-4346-B114-1EE3940CD3D0}.Debug|Any CPU.ActiveCfg = Debug|Any CPU
		{EBA90072-7330-4346-B114-1EE3940CD3D0}.Debug|Any CPU.Build.0 = Debug|Any CPU
		{EBA90072-7330-4346-B114-1EE3940CD3D0}.Release|Any CPU.ActiveCfg = Release|Any CPU
		{EBA90072-7330-4346-B114-1EE3940CD3D0}.Release|Any CPU.Build.0 = Release|Any CPU
	EndGlobalSection
	GlobalSection(SolutionProperties) = preSolution
		HideSolutionNode = FALSE
	EndGlobalSection
	GlobalSection(ExtensibilityGlobals) = postSolution
		SolutionGuid = {D95CDBD6-117C-453A-AE0B-DDEE644C59AE}
	EndGlobalSection
EndGlobal
